{
  "pins" : [
    {
      "identity" : "swiftcharts",
      "kind" : "remoteSourceControl",
      "location" : "https://github.com/gestrich/SwiftCharts.git",
      "state" : {
        "branch" : "main",
        "revision" : "7a0dc5f45c0def060d2863fa279dd2fe440b916a"
      }
    }
  ],
  "version" : 2
}
